
Microsoft Visual Studio Solution File, Format Version 12.00
# Visual Studio 15
VisualStudioVersion = 15.0.28307.1022
MinimumVisualStudioVersion = 10.0.40219.1
Project("{FAE04EC0-301F-11D3-BF4B-00C04F79EFBC}") = "01_环境测试_智能数据笔记", "01_环境测试_智能数据笔记\01_环境测试_智能数据笔记.csproj", "{2F7F915D-D3E8-4B41-8A25-4C2D1DD6DF7D}"
EndProject
Global
	GlobalSection(SolutionConfigurationPlatforms) = preSolution
		Debug|Any CPU = Debug|Any CPU
		Release|Any CPU = Release|Any CPU
	EndGlobalSection
	GlobalSection(ProjectConfigurationPlatforms) = postSolution
		{2F7F915D-D3E8-4B41-8A25-4C2D1DD6DF7D}.Debug|Any CPU.ActiveCfg = Debug|Any CPU
		{2F7F915D-D3E8-4B41-8A25-4C2D1DD6DF7D}.Debug|Any CPU.Build.0 = Debug|Any CPU
		{2F7F915D-D3E8-4B41-8A25-4C2D1DD6DF7D}.Release|Any CPU.ActiveCfg = Release|Any CPU
		{2F7F915D-D3E8-4B41-8A25-4C2D1DD6DF7D}.Release|Any CPU.Build.0 = Release|Any CPU
	EndGlobalSection
	GlobalSection(SolutionProperties) = preSolution
		HideSolutionNode = FALSE
	EndGlobalSection
	GlobalSection(ExtensibilityGlobals) = postSolution
		SolutionGuid = {48157C4C-DEBE-4307-BB32-621F0076A191}
	EndGlobalSection
EndGlobal
